{
    "_meta": {
        "hash": {
            "sha256": "54e654f54d7bbabfa24f1b096745b4a58dfc174bb8b1afafc225cf7f4adcae24"
        },
        "pipfile-spec": 6,
        "requires": {
            "python_version": "3.14"
        },
        "sources": [
            {
                "name": "pypi",
                "url": "https://pypi.org/simple",
                "verify_ssl": true
            }
        ]
    },
    "default": {
        "amqp": {
            "hashes": [
                "sha256:43b3319e1b4e7d1251833a93d672b4af1e40f3d632d479b98661a95f117880a2",
                "sha256:cddc00c725449522023bad949f70fff7b48f0b1ade74d170a6f10ab044739432"
            ],
            "markers": "python_version >= '3.6'",
            "version": "==5.3.1"
        },
        "asgiref": {
            "hashes": [
                "sha256:5f184dc43b7e763efe848065441eac62229c9f7b0475f41f80e207a114eda4ce",
                "sha256:e8667a091e69529631969fd45dc268fa79b99c92c5fcdda727757e52146ec133"
            ],
            "markers": "python_version >= '3.9'",
            "version": "==3.11.1"
        },
        "billiard": {
            "hashes": [
                "sha256:525b42bdec68d2b983347ac312f892db930858495db601b5836ac24e6477cde5",
                "sha256:55f542c371209e03cd5862299b74e52e4fbcba8250ba611ad94276b369b6a85f"
            ],
            "markers": "python_version >= '3.7'",
            "version": "==4.2.4"
        },
        "celery": {
            "hashes": [
                "sha256:0808f42f80909c4d5833202360ffafb2a4f83f4d8e23e1285d926610e9a7afa6",
                "sha256:177006bd2054b882e9f01be59abd8529e88879ef50d7918a7050c5a9f4e12912"
            ],
            "index": "pypi",
            "markers": "python_version >= '3.9'",
            "version": "==5.6.3"
        },
        "click": {
            "hashes": [
                "sha256:398329ad4837b2ff7cbe1dd166a4c0f8900c3ca3a218de04466f38f6497f18a2",
                "sha256:a2bf429bb3033c89fa4936ffb35d5cb471e3719e1f3c8a7c3fff0b8314305613"
            ],
            "markers": "python_version >= '3.10'",
            "version": "==8.3.3"
        },
        "click-didyoumean": {
            "hashes": [
                "sha256:4f82fdff0dbe64ef8ab2279bd6aa3f6a99c3b28c05aa09cbfc07c9d7fbb5a463",
                "sha256:5c4bb6007cfea5f2fd6583a2fb6701a22a41eb98957e63d0fac41c10e7c3117c"
            ],
            "markers": "python_full_version >= '3.6.2'",
            "version": "==0.3.1"
        },
        "click-plugins": {
            "hashes": [
                "sha256:008d65743833ffc1f5417bf0e78e8d2c23aab04d9745ba817bd3e71b0feb6aa6",
                "sha256:d7af3984a99d243c131aa1a828331e7630f4a88a9741fd05c927b204bcf92261"
            ],
            "version": "==1.1.1.2"
        },
        "click-repl": {
            "hashes": [
                "sha256:17849c23dba3d667247dc4defe1757fff98694e90fe37474f3feebb69ced26a9",
                "sha256:fb7e06deb8da8de86180a33a9da97ac316751c094c6899382da7feeeeb51b812"
            ],
            "markers": "python_version >= '3.6'",
            "version": "==0.3.0"
        },
        "django": {
            "hashes": [
                "sha256:14359c809fc16e8f81fd2b59d7d348e4d2d799da6840b10522b6edf7b8afc1da",
                "sha256:8cfa2572b3f2768b2e84983cf3c4811877a01edb64e817986ec5d60751c113ac"
            ],
            "index": "pypi",
            "markers": "python_version >= '3.12'",
            "version": "==6.0.4"
        },
        "django-filter": {
            "hashes": [
                "sha256:760e984a931f4468d096f5541787efb8998c61217b73006163bf2f9523fe8f23",
                "sha256:9c0f8609057309bba611062fe1b720b4a873652541192d232dd28970383633e3"
            ],
            "index": "pypi",
            "markers": "python_version >= '3.10'",
            "version": "==25.2"
        },
        "djangorestframework": {
            "hashes": [
                "sha256:a6def5f447fe78ff853bff1d47a3c59bf38f5434b031780b351b0c73a62db1a5",
                "sha256:c3c74dd3e83a5a3efc37b3c18d92bd6f86a6791c7b7d4dff62bb068500e76457"
            ],
            "markers": "python_version >= '3.10'",
            "version": "==3.17.1"
        },
        "djangorestframework-simplejwt": {
            "hashes": [
                "sha256:2c30f3707053d384e9f315d11c2daccfcb548d4faa453111ca19a542b732e469",
                "sha256:e72c5572f51d7803021288e2057afcbd03f17fe11d484096f40a460abc76e87f"
            ],
            "index": "pypi",
            "markers": "python_version >= '3.9'",
            "version": "==5.5.1"
        },
        "flower": {
            "hashes": [
                "sha256:5ab717b979530770c16afb48b50d2a98d23c3e9fe39851dcf6bc4d01845a02a0",
                "sha256:9db2c621eeefbc844c8dd88be64aef61e84e2deb29b271e02ab2b5b9f01068e2"
            ],
            "index": "pypi",
            "markers": "python_version >= '3.7'",
            "version": "==2.0.1"
        },
        "humanize": {
            "hashes": [
                "sha256:1dd098483eb1c7ee8e32eb2e99ad1910baefa4b75c3aff3a82f4d78688993b10",
                "sha256:b1186eb9f5a9749cd9cb8565aee77919dd7c8d076161cf44d70e59e3301e1769"
            ],
            "markers": "python_version >= '3.10'",
            "version": "==4.15.0"
        },
        "kombu": {
            "hashes": [
                "sha256:8060497058066c6f5aed7c26d7cd0d3b574990b09de842a8c5aaed0b92cc5a55",
                "sha256:efcfc559da324d41d61ca311b0c64965ea35b4c55cc04ee36e55386145dace93"
            ],
            "markers": "python_version >= '3.9'",
            "version": "==5.6.2"
        },
        "packaging": {
            "hashes": [
                "sha256:5fc45236b9446107ff2415ce77c807cee2862cb6fac22b8a73826d0693b0980e",
                "sha256:ff452ff5a3e828ce110190feff1178bb1f2ea2281fa2075aadb987c2fb221661"
            ],
            "markers": "python_version >= '3.8'",
            "version": "==26.2"
        },
        "prometheus-client": {
            "hashes": [
                "sha256:5e373b75c31afb3c86f1a52fa1ad470c9aace18082d39ec0d2f918d11cc9ba28",
                "sha256:d5aec89e349a6ec230805d0df882f3807f74fd6c1a2fa86864e3c2279059fed1"
            ],
            "markers": "python_version >= '3.9'",
            "version": "==0.25.0"
        },
        "prompt-toolkit": {
            "hashes": [
                "sha256:28cde192929c8e7321de85de1ddbe736f1375148b02f2e17edd840042b1be855",
                "sha256:9aac639a3bbd33284347de5ad8d68ecc044b91a762dc39b7c21095fcd6a19955"
            ],
            "markers": "python_version >= '3.8'",
            "version": "==3.0.52"
        },
        "psycopg2-binary": {
            "hashes": [
                "sha256:00814e40fa23c2b37ef0a1e3c749d89982c73a9cb5046137f0752a22d432e82f",
                "sha256:049366c6d884bdcd65d66e6ca1fdbebe670b56c6c9ba46f164e6667e90881964",
                "sha256:0dc9228d47c46bda253d2ecd6bb93b56a9f2d7ad33b684a1fa3622bf74ffe30c",
                "sha256:1006fb62f0f0bc5ce256a832356c6262e91be43f5e4eb15b5eaf38079464caf2",
                "sha256:127467c6e476dd876634f17c3d870530e73ff454ff99bff73d36e80af28e1115",
                "sha256:1c8ad4c08e00f7679559eaed7aff1edfffc60c086b976f93972f686384a95e2c",
                "sha256:29d4d134bd0ab46ffb04e94aa3c5fa3ef582e9026609165e2f758ff76fc3a3be",
                "sha256:3471336e1acfd9c7fe507b8bad5af9317b6a89294f9eb37bd9a030bb7bebcdc6",
                "sha256:36512911ebb2b60a0c3e44d0bb5048c1980aced91235d133b7874f3d1d93487c",
                "sha256:398fcd4db988c7d7d3713e2b8e18939776fd3fb447052daae4f24fa39daede4c",
                "sha256:3d999bd982a723113c1a45b55a7a6a90d64d0ed2278020ed625c490ff7bef96c",
                "sha256:40e7b28b63aaf737cb3a1edc3a9bbc9a9f4ad3dcb7152e8c1130e4050eddcb7d",
                "sha256:411e85815652d13560fbe731878daa5d92378c4995a22302071890ec3397d019",
                "sha256:4413d0caef93c5cf50b96863df4c2efe8c269bf2267df353225595e7e15e8df7",
                "sha256:4766ab678563054d3f1d064a4db19cc4b5f9e3a8d9018592a8285cf200c248f3",
                "sha256:4dfcf8e45ebb0c663be34a3442f65e17311f3367089cd4e5e3a3e8e62c978777",
                "sha256:527e6342b3e44c2f0544f6b8e927d60de7f163f5723b8f1dfa7d2a84298738cd",
                "sha256:54a0dfecab1b48731f934e06139dfe11e24219fb6d0ceb32177cf0375f14c7b5",
                "sha256:5a0253224780c978746cb9be55a946bcdaf40fe3519c0f622924cdabdafe2c39",
                "sha256:5ac9444edc768c02a6b6a591f070b8aae28ff3a99be57560ac996001580f294c",
                "sha256:5c7cb4cbf894a1d36c720d713de507952c7c58f66d30834708f03dbe5c822ccf",
                "sha256:5c8ce6c61bd1b1f6b9c24ee32211599f6166af2c55abb19456090a21fd16554b",
                "sha256:5cdc05117180c5fa9c40eea8ea559ce64d73824c39d928b7da9fb5f6a9392433",
                "sha256:612b965daee295ae2da8f8218ce1d274645dc76ef3f1abf6a0a94fd57eff876d",
                "sha256:63a3ebbd543d3d1eda088ac99164e8c5bac15293ee91f20281fd17d050aee1c4",
                "sha256:66a7685d7e548f10fb4ce32fb01a7b7f4aa702134de92a292c7bd9e0d3dbd290",
                "sha256:6f3b3de8a74ef8db215f22edffb19e32dc6fa41340456de7ec99efdc8a7b3ec2",
                "sha256:6f9cae1f848779b5b01f417e762c40d026ea93eb0648249a604728cda991dde3",
                "sha256:718e1fc18edf573b02cb8aea868de8d8d33f99ce9620206aa9144b67b0985e94",
                "sha256:77b348775efd4cdab410ec6609d81ccecd1139c90265fa583a7255c8064bc03d",
                "sha256:7af18183109e23502c8b2ae7f6926c0882766f35b5175a4cd737ad825e4d7a1b",
                "sha256:7c729a73c7b1b84de3582f73cdd27d905121dc2c531f3d9a3c32a3011033b965",
                "sha256:83946ba43979ebfdc99a3cd0ee775c89f221df026984ba19d46133d8d75d3cd9",
                "sha256:840066105706cd2eb29b9a1c2329620056582a4bf3e8169dec5c447042d0869f",
                "sha256:863f5d12241ebe1c76a72a04c2113b6dc905f90b9cef0e9be0efd994affd9354",
                "sha256:864c261b3690e1207d14bbfe0a61e27567981b80c47a778561e49f676f7ce433",
                "sha256:89d19a9f7899e8eb0656a2b3a08e0da04c720a06db6e0033eab5928aabe60fa9",
                "sha256:8ffdb59fe88f99589e34354a130217aa1fd2d615612402d6edc8b3dbc7a44463",
                "sha256:96937c9c5d891f772430f418a7a8b4691a90c3e6b93cf72b5bd7cad8cbca32a5",
                "sha256:98062447aebc20ed20add1f547a364fd0ef8933640d5372ff1873f8deb9b61be",
                "sha256:995ce929eede89db6254b50827e2b7fd61e50d11f0b116b29fffe4a2e53c4580",
                "sha256:9b818ceff717f98851a64bffd4c5eb5b3059ae280276dcecc52ac658dcf006a4",
                "sha256:9fe06d93e72f1c048e731a2e3e7854a5bfaa58fc736068df90b352cefe66f03f",
                "sha256:a46fe069b65255df410f856d842bc235f90e22ffdf532dda625fd4213d3fd9b1",
                "sha256:a7e39a65b7d2a20e4ba2e0aaad1960b61cc2888d6ab047769f8347bd3c9ad915",
                "sha256:a99eaab34a9010f1a086b126de467466620a750634d114d20455f3a824aae033",
                "sha256:ab29414b25dcb698bf26bf213e3348abdcd07bbd5de032a5bec15bd75b298b03",
                "sha256:ace94261f43850e9e79f6c56636c5e0147978ab79eda5e5e5ebf13ae146fc8fe",
                "sha256:b4a9eaa6e7f4ff91bec10aa3fb296878e75187bced5cc4bafe17dc40915e1326",
                "sha256:b6937f5fe4e180aeee87de907a2fa982ded6f7f15d7218f78a083e4e1d68f2a0",
                "sha256:b9a339b79d37c1b45f3235265f07cdeb0cb5ad7acd2ac7720a5920989c17c24e",
                "sha256:ba3df2fc42a1cfa45b72cf096d4acb2b885937eedc61461081d53538d4a82a86",
                "sha256:c41321a14dd74aceb6a9a643b9253a334521babfa763fa873e33d89cfa122fb5",
                "sha256:c5ee5213445dd45312459029b8c4c0a695461eb517b753d2582315bd07995f5e",
                "sha256:c6528cefc8e50fcc6f4a107e27a672058b36cc5736d665476aeb413ba88dbb06",
                "sha256:cb4a1dacdd48077150dc762a9e5ddbf32c256d66cb46f80839391aa458774936",
                "sha256:cfa2517c94ea3af6deb46f81e1bbd884faa63e28481eb2f889989dd8d95e5f03",
                "sha256:d2fa0d7caca8635c56e373055094eeda3208d901d55dd0ff5abc1d4e47f82b56",
                "sha256:d3227a3bc228c10d21011a99245edca923e4e8bf461857e869a507d9a41fe9f6",
                "sha256:d6fcbba8c9fed08a73b8ac61ea79e4821e45b1e92bb466230c5e746bbf3d5256",
                "sha256:e4e184b1fb6072bf05388aa41c697e1b2d01b3473f107e7ec44f186a32cfd0b8",
                "sha256:ee2d84ef5eb6c04702d2e9c372ad557fb027f26a5d82804f749dfb14c7fdd2ab",
                "sha256:f12ae41fcafadb39b2785e64a40f9db05d6de2ac114077457e0e7c597f3af980",
                "sha256:f625abb7020e4af3432d95342daa1aa0db3fa369eed19807aa596367ba791b10",
                "sha256:f921f3cd87035ef7df233383011d7a53ea1d346224752c1385f1edfd790ceb6a",
                "sha256:fb1828cf3da68f99e45ebce1355d65d2d12b6a78fb5dfb16247aad6bdef5f5d2",
                "sha256:ffdd7dc5463ccd61845ac37b7012d0f35a1548df9febe14f8dd549be4a0bc81e"
            ],
            "index": "pypi",
            "markers": "python_version >= '3.9'",
            "version": "==2.9.12"
        },
        "pyjwt": {
            "hashes": [
                "sha256:28ca37c070cad8ba8cd9790cd940535d40274d22f80ab87f3ac6a713e6e8454c",
                "sha256:c74a7a2adf861c04d002db713dd85f84beb242228e671280bf709d765b03672b"
            ],
            "markers": "python_version >= '3.9'",
            "version": "==2.12.1"
        },
        "python-dateutil": {
            "hashes": [
                "sha256:37dd54208da7e1cd875388217d5e00ebd4179249f90fb72437e91a35459a0ad3",
                "sha256:a8b2bc7bffae282281c8140a97d3aa9c14da0b136dfe83f850eea9a5f7470427"
            ],
            "markers": "python_version >= '2.7' and python_version not in '3.0, 3.1, 3.2'",
            "version": "==2.9.0.post0"
        },
        "pytz": {
            "hashes": [
                "sha256:04156e608bee23d3792fd45c94ae47fae1036688e75032eea2e3bf0323d1f126",
                "sha256:0e60b47b29f21574376f218fe21abc009894a2321ea16c6754f3cad6eb7cdd6a"
            ],
            "version": "==2026.2"
        },
        "redis": {
            "hashes": [
                "sha256:64a6ea7bf567ad43c964d2c30d82853f8df927c5c9017766c55a1d1ed95d18ad",
                "sha256:a9c74a5c893a5ef8455a5adb793a31bb70feb821c86eccb62eebef5a19c429ec"
            ],
            "index": "pypi",
            "markers": "python_version >= '3.10'",
            "version": "==7.4.0"
        },
        "six": {
            "hashes": [
                "sha256:4721f391ed90541fddacab5acf947aa0d3dc7d27b2e1e8eda2be8970586c3274",
                "sha256:ff70335d468e7eb6ec65b95b99d3a2836546063f63acc5171de367e834932a81"
            ],
            "markers": "python_version >= '2.7' and python_version not in '3.0, 3.1, 3.2'",
            "version": "==1.17.0"
        },
        "sqlparse": {
            "hashes": [
                "sha256:12a08b3bf3eec877c519589833aed092e2444e68240a3577e8e26148acc7b1ba",
                "sha256:e20d4a9b0b8585fdf63b10d30066c7c94c5d7a7ec47c889a2d83a3caa93ff28e"
            ],
            "markers": "python_version >= '3.8'",
            "version": "==0.5.5"
        },
        "tornado": {
            "hashes": [
                "sha256:192b8f3ea91bd7f1f50c06955416ed76c6b72f96779b962f07f911b91e8d30e9",
                "sha256:2c9a876e094109333f888539ddb2de4361743e5d21eece20688e3e351e4990a6",
                "sha256:36abed1754faeb80fbd6e64db2758091e1320f6bba74a4cf8c09cd18ccce8aca",
                "sha256:3f54aa540bdbfee7b9eb268ead60e7d199de5021facd276819c193c0fb28ea4e",
                "sha256:435319e9e340276428bbdb4e7fa732c2d399386d1de5686cb331ec8eee754f07",
                "sha256:487dc9cc380e29f58c7ab88f9e27cdeef04b2140862e5076a66fb6bb68bb1bfa",
                "sha256:6443a794ba961a9f619b1ae926a2e900ac20c34483eea67be4ed8f1e58d3ef7b",
                "sha256:65a7f1d46d4bb41df1ac99f5fcb685fb25c7e61613742d5108b010975a9a6521",
                "sha256:dd3eafaaeec1c7f2f8fdcd5f964e8907ad788fe8a5a32c4426fbbdda621223b7",
                "sha256:e74c92e8e65086b338fd56333fb9a68b9f6f2fe7ad532645a290a464bcf46be5"
            ],
            "markers": "python_version >= '3.9'",
            "version": "==6.5.5"
        },
        "tzdata": {
            "hashes": [
                "sha256:9173fde7d80d9018e02a662e168e5a2d04f87c41ea174b139fbef642eda62d10",
                "sha256:bbe9af844f658da81a5f95019480da3a89415801f6cc966806612cc7169bffe7"
            ],
            "markers": "python_version >= '2'",
            "version": "==2026.2"
        },
        "tzlocal": {
            "hashes": [
                "sha256:cceffc7edecefea1f595541dbd6e990cb1ea3d19bf01b2809f362a03dd7921fd",
                "sha256:eb1a66c3ef5847adf7a834f1be0800581b683b5608e74f86ecbcef8ab91bb85d"
            ],
            "markers": "python_version >= '3.9'",
            "version": "==5.3.1"
        },
        "vine": {
            "hashes": [
                "sha256:40fdf3c48b2cfe1c38a49e9ae2da6fda88e4794c810050a728bd7413811fb1dc",
                "sha256:8b62e981d35c41049211cf62a0a1242d8c1ee9bd15bb196ce38aefd6799e61e0"
            ],
            "markers": "python_version >= '3.6'",
            "version": "==5.1.0"
        },
        "wcwidth": {
            "hashes": [
                "sha256:5d69154c429a82910e241c738cd0e2976fac8a2dd47a1a805f4afed1c0f136f2",
                "sha256:90e3a7ea092341c44b99562e75d09e4d5160fe7a3974c6fb842a101a95e7eed0"
            ],
            "markers": "python_version >= '3.8'",
            "version": "==0.7.0"
        }
    },
    "develop": {}
}
